{
  "name": "code",
  "lockfileVersion": 2,
  "requires": true,
  "packages": {
    "": {
      "dependencies": {
        "foam3": "github:kgrgreer/foam3",
        "uglify-js": "^3.17.0"
      }
    },
    "node_modules/ace-builds": {
      "version": "1.9.6",
      "resolved": "https://registry.npmjs.org/ace-builds/-/ace-builds-1.9.6.tgz",
      "integrity": "sha512-M/Li4hPruMSbkkg35LgdbsIBq0WuwrV4ztP2pKaww47rC/MvDc1bOrYxwJrfgxdlzyLKrja5bn+9KwwuzqB2xQ=="
    },
    "node_modules/foam3": {
      "version": "2.0.0",
      "resolved": "git+ssh://git@github.com/kgrgreer/foam3.git#c800cd973c98c44f5308f11abdf278b1ea8cdaa6",
      "dependencies": {
        "ace-builds": "^1.4.3",
        "xmldom": "^0.6.0"
      }
    },
    "node_modules/uglify-js": {
      "version": "3.17.0",
      "resolved": "https://registry.npmjs.org/uglify-js/-/uglify-js-3.17.0.tgz",
      "integrity": "sha512-aTeNPVmgIMPpm1cxXr2Q/nEbvkmV8yq66F3om7X3P/cvOXQ0TMQ64Wk63iyT1gPlmdmGzjGpyLh1f3y8MZWXGg==",
      "bin": {
        "uglifyjs": "bin/uglifyjs"
      },
      "engines": {
        "node": ">=0.8.0"
      }
    },
    "node_modules/xmldom": {
      "version": "0.6.0",
      "resolved": "https://registry.npmjs.org/xmldom/-/xmldom-0.6.0.tgz",
      "integrity": "sha512-iAcin401y58LckRZ0TkI4k0VSM1Qg0KGSc3i8rU+xrxe19A/BN1zHyVSJY7uoutVlaTSzYyk/v5AmkewAP7jtg==",
      "engines": {
        "node": ">=10.0.0"
      }
    }
  },
  "dependencies": {
    "ace-builds": {
      "version": "1.9.6",
      "resolved": "https://registry.npmjs.org/ace-builds/-/ace-builds-1.9.6.tgz",
      "integrity": "sha512-M/Li4hPruMSbkkg35LgdbsIBq0WuwrV4ztP2pKaww47rC/MvDc1bOrYxwJrfgxdlzyLKrja5bn+9KwwuzqB2xQ=="
    },
    "foam3": {
      "version": "git+ssh://git@github.com/kgrgreer/foam3.git#c800cd973c98c44f5308f11abdf278b1ea8cdaa6",
      "from": "foam3@github:kgrgreer/foam3",
      "requires": {
        "ace-builds": "^1.4.3",
        "xmldom": "^0.6.0"
      }
    },
    "uglify-js": {
      "version": "3.17.0",
      "resolved": "https://registry.npmjs.org/uglify-js/-/uglify-js-3.17.0.tgz",
      "integrity": "sha512-aTeNPVmgIMPpm1cxXr2Q/nEbvkmV8yq66F3om7X3P/cvOXQ0TMQ64Wk63iyT1gPlmdmGzjGpyLh1f3y8MZWXGg=="
    },
    "xmldom": {
      "version": "0.6.0",
      "resolved": "https://registry.npmjs.org/xmldom/-/xmldom-0.6.0.tgz",
      "integrity": "sha512-iAcin401y58LckRZ0TkI4k0VSM1Qg0KGSc3i8rU+xrxe19A/BN1zHyVSJY7uoutVlaTSzYyk/v5AmkewAP7jtg=="
    }
  }
}
